schema: '2.0'
stages:
  data_ingestion:
    cmd: python src/A_data_injestion.py
    deps:
    - path: src/A_data_injestion.py
      hash: md5
      md5: bab597a7895b4de0f30ea2dcd4b4774b
      size: 2953
    outs:
    - path: data/raw
      hash: md5
      md5: 58f649d92cbac10cb2bf82575fc5ea6e.dir
      size: 15053
      nfiles: 2
  data_preprocessing:
    cmd: python src/B_preperation.py
    deps:
    - path: data/raw
      hash: md5
      md5: 58f649d92cbac10cb2bf82575fc5ea6e.dir
      size: 15053
      nfiles: 2
    - path: src/B_preperation.py
      hash: md5
      md5: 3139f68445b7ea80d5cb625237b69b05
      size: 3312
    outs:
    - path: data/interim
      hash: md5
      md5: d02bb41fa6a6d5717f11f88846acd7f8.dir
      size: 10172
      nfiles: 2
  feature_selection:
    cmd: python src/C_feature_selection.py
    deps:
    - path: data/interim
      hash: md5
      md5: d02bb41fa6a6d5717f11f88846acd7f8.dir
      size: 10172
      nfiles: 2
    - path: src/C_feature_selection.py
      hash: md5
      md5: 430347f42e785b6115688e74d77c3fef
      size: 4080
    outs:
    - path: data/processed
      hash: md5
      md5: 1299e7a2ccff3a4a8ad3179551d65433.dir
      size: 5095
      nfiles: 2
  model_building:
    cmd: python src/D_model_training.py
    deps:
    - path: data/processed
      hash: md5
      md5: 1299e7a2ccff3a4a8ad3179551d65433.dir
      size: 5095
      nfiles: 2
    - path: src/D_model_training.py
      hash: md5
      md5: f9e4738bf61526816502c02a8a183d3d
      size: 3950
    outs:
    - path: models/model.pkl
      hash: md5
      md5: e36245988e373235b0ba056c4a6c58c4
      size: 4362
  model_evaluation:
    cmd: python src/E_model_evaluation.py
    deps:
    - path: models/model.pkl
      hash: md5
      md5: e36245988e373235b0ba056c4a6c58c4
      size: 4362
    - path: src/E_model_evaluation.py
      hash: md5
      md5: e729bb1f983c9af36e569e0f6020af3a
      size: 3583
    outs:
    - path: reports/metrics.json
      hash: md5
      md5: 61d55cdb99d4655e09e82842001c8342
      size: 1021
